
Microsoft Visual Studio Solution File, Format Version 12.00
# Visual Studio Version 17
VisualStudioVersion = 17.8.34309.116
MinimumVisualStudioVersion = 10.0.40219.1
Project("{FAE04EC0-301F-11D3-BF4B-00C04F79EFBC}") = "2", "2.csproj", "{0D88A87D-2714-4283-894B-60751697DD04}"
EndProject
Global
	GlobalSection(SolutionConfigurationPlatforms) = preSolution
		Debug|Any CPU = Debug|Any CPU
		Release|Any CPU = Release|Any CPU
	EndGlobalSection
	GlobalSection(ProjectConfigurationPlatforms) = postSolution
		{0D88A87D-2714-4283-894B-60751697DD04}.Debug|Any CPU.ActiveCfg = Debug|Any CPU
		{0D88A87D-2714-4283-894B-60751697DD04}.Debug|Any CPU.Build.0 = Debug|Any CPU
		{0D88A87D-2714-4283-894B-60751697DD04}.Release|Any CPU.ActiveCfg = Release|Any CPU
		{0D88A87D-2714-4283-894B-60751697DD04}.Release|Any CPU.Build.0 = Release|Any CPU
	EndGlobalSection
	GlobalSection(SolutionProperties) = preSolution
		HideSolutionNode = FALSE
	EndGlobalSection
	GlobalSection(ExtensibilityGlobals) = postSolution
		SolutionGuid = {C65456FA-4CE9-4161-9FA9-D56CC4FFAAF1}
	EndGlobalSection
EndGlobal
